
Microsoft Visual Studio Solution File, Format Version 12.00
# Visual Studio Version 17
VisualStudioVersion = 17.8.34330.188
MinimumVisualStudioVersion = 10.0.40219.1
Project("{FAE04EC0-301F-11D3-BF4B-00C04F79EFBC}") = "Nasse", "Nasse\Nasse.csproj", "{FF3D9F4A-8459-4F4C-9DBD-4B046F5E2995}"
EndProject
Project("{FAE04EC0-301F-11D3-BF4B-00C04F79EFBC}") = "ImageHandler", "ImageHandler\ImageHandler.csproj", "{A98CE7F2-364E-4869-9102-C443229A96F6}"
EndProject
Project("{FAE04EC0-301F-11D3-BF4B-00C04F79EFBC}") = "TestImageHandler.UnitTests", "TestImageHandler.UnitTests\TestImageHandler.UnitTests.csproj", "{84EF9AE2-F66B-45B5-A975-87302C74D843}"
EndProject
Global
	GlobalSection(SolutionConfigurationPlatforms) = preSolution
		Debug|Any CPU = Debug|Any CPU
		Release|Any CPU = Release|Any CPU
	EndGlobalSection
	GlobalSection(ProjectConfigurationPlatforms) = postSolution
		{FF3D9F4A-8459-4F4C-9DBD-4B046F5E2995}.Debug|Any CPU.ActiveCfg = Debug|Any CPU
		{FF3D9F4A-8459-4F4C-9DBD-4B046F5E2995}.Debug|Any CPU.Build.0 = Debug|Any CPU
		{FF3D9F4A-8459-4F4C-9DBD-4B046F5E2995}.Release|Any CPU.ActiveCfg = Release|Any CPU
		{FF3D9F4A-8459-4F4C-9DBD-4B046F5E2995}.Release|Any CPU.Build.0 = Release|Any CPU
		{A98CE7F2-364E-4869-9102-C443229A96F6}.Debug|Any CPU.ActiveCfg = Debug|Any CPU
		{A98CE7F2-364E-4869-9102-C443229A96F6}.Debug|Any CPU.Build.0 = Debug|Any CPU
		{A98CE7F2-364E-4869-9102-C443229A96F6}.Release|Any CPU.ActiveCfg = Release|Any CPU
		{A98CE7F2-364E-4869-9102-C443229A96F6}.Release|Any CPU.Build.0 = Release|Any CPU
		{84EF9AE2-F66B-45B5-A975-87302C74D843}.Debug|Any CPU.ActiveCfg = Debug|Any CPU
		{84EF9AE2-F66B-45B5-A975-87302C74D843}.Debug|Any CPU.Build.0 = Debug|Any CPU
		{84EF9AE2-F66B-45B5-A975-87302C74D843}.Release|Any CPU.ActiveCfg = Release|Any CPU
		{84EF9AE2-F66B-45B5-A975-87302C74D843}.Release|Any CPU.Build.0 = Release|Any CPU
	EndGlobalSection
	GlobalSection(SolutionProperties) = preSolution
		HideSolutionNode = FALSE
	EndGlobalSection
	GlobalSection(ExtensibilityGlobals) = postSolution
		SolutionGuid = {84E3139E-3A5E-4ED8-8BDE-736F4DAC69A4}
	EndGlobalSection
EndGlobal
